<?xml version="1.0" encoding="utf-8"?>
<Project ToolsVersion="4.0" xmlns="http://schemas.microsoft.com/developer/msbuild/2003">
  <ItemGroup>
    <Filter Include="Source Files">
      <UniqueIdentifier>{d9709ffd-498d-49a1-847a-ef6fb01f7907}</UniqueIdentifier>
    </Filter>
    <Filter Include="Generated Files">
      <UniqueIdentifier>{962e9e14-3bba-478b-b46e-8e36cc1f66ca}</UniqueIdentifier>
      <SourceControlFiles>False</SourceControlFiles>
    </Filter>
  </ItemGroup>
  <ItemGroup>
    <None Include="tpps.def" />
  </ItemGroup>
  <ItemGroup>
    <ClCompile Include="tp_i.c">
      <Filter>Generated Files</Filter>
    </ClCompile>
    <ClCompile Include="tp_p.c">
      <Filter>Generated Files</Filter>
    </ClCompile>
    <ClCompile Include="dlldata.c">
      <Filter>Generated Files</Filter>
    </ClCompile>
  </ItemGroup>
</Project>